
Microsoft Visual Studio Solution File, Format Version 12.00
# Visual Studio Version 17
VisualStudioVersion = 17.6.33723.286
MinimumVisualStudioVersion = 10.0.40219.1
Project("{FAE04EC0-301F-11D3-BF4B-00C04F79EFBC}") = "FirstCoreAPI", "FirstCoreAPI\FirstCoreAPI.csproj", "{C28EBCCF-26DB-46CB-8925-A5D9EBBB889D}"
EndProject
Global
	GlobalSection(SolutionConfigurationPlatforms) = preSolution
		Debug|Any CPU = Debug|Any CPU
		Release|Any CPU = Release|Any CPU
	EndGlobalSection
	GlobalSection(ProjectConfigurationPlatforms) = postSolution
		{C28EBCCF-26DB-46CB-8925-A5D9EBBB889D}.Debug|Any CPU.ActiveCfg = Debug|Any CPU
		{C28EBCCF-26DB-46CB-8925-A5D9EBBB889D}.Debug|Any CPU.Build.0 = Debug|Any CPU
		{C28EBCCF-26DB-46CB-8925-A5D9EBBB889D}.Release|Any CPU.ActiveCfg = Release|Any CPU
		{C28EBCCF-26DB-46CB-8925-A5D9EBBB889D}.Release|Any CPU.Build.0 = Release|Any CPU
	EndGlobalSection
	GlobalSection(SolutionProperties) = preSolution
		HideSolutionNode = FALSE
	EndGlobalSection
	GlobalSection(ExtensibilityGlobals) = postSolution
		SolutionGuid = {934094E1-86E2-48EE-9893-95FFABFF7330}
	EndGlobalSection
EndGlobal
