
Microsoft Visual Studio Solution File, Format Version 12.00
# Visual Studio Version 17
VisualStudioVersion = 17.6.33723.286
MinimumVisualStudioVersion = 10.0.40219.1
Project("{FAE04EC0-301F-11D3-BF4B-00C04F79EFBC}") = "EFDemo", "EFDemo\EFDemo.csproj", "{13349CD7-0DAE-445B-A4F7-0CE751BAC0D7}"
EndProject
Global
	GlobalSection(SolutionConfigurationPlatforms) = preSolution
		Debug|Any CPU = Debug|Any CPU
		Release|Any CPU = Release|Any CPU
	EndGlobalSection
	GlobalSection(ProjectConfigurationPlatforms) = postSolution
		{13349CD7-0DAE-445B-A4F7-0CE751BAC0D7}.Debug|Any CPU.ActiveCfg = Debug|Any CPU
		{13349CD7-0DAE-445B-A4F7-0CE751BAC0D7}.Debug|Any CPU.Build.0 = Debug|Any CPU
		{13349CD7-0DAE-445B-A4F7-0CE751BAC0D7}.Release|Any CPU.ActiveCfg = Release|Any CPU
		{13349CD7-0DAE-445B-A4F7-0CE751BAC0D7}.Release|Any CPU.Build.0 = Release|Any CPU
	EndGlobalSection
	GlobalSection(SolutionProperties) = preSolution
		HideSolutionNode = FALSE
	EndGlobalSection
	GlobalSection(ExtensibilityGlobals) = postSolution
		SolutionGuid = {8678DF0B-1743-4E85-81D6-5D6E6EC13689}
	EndGlobalSection
EndGlobal
